{
  "nodes": {
    "devshell": {
      "inputs": {
        "nixpkgs": "nixpkgs"
      },
      "locked": {
        "lastModified": 1598609194,
        "narHash": "sha256-BQ8n5Z/ZXUOjPdScA7rWDNH0W64r3eDB8hQbsaatAzE=",
        "owner": "numtide",
        "repo": "devshell",
        "rev": "bc52fb4c4841310b3dcdaf8f1e2b3f9f6bfeeb00",
        "type": "github"
      },
      "original": {
        "owner": "numtide",
        "repo": "devshell",
        "type": "github"
      }
    },
    "flake-utils": {
      "locked": {
        "lastModified": 1598466101,
        "narHash": "sha256-JPhv+Ay98KMWRVRFlLEK9+eLpvNjhTBGWdFKZsE97ck=",
        "owner": "numtide",
        "repo": "flake-utils",
        "rev": "a586a6b966d59f53f45a04f8891fbc017dc09dbe",
        "type": "github"
      },
      "original": {
        "owner": "numtide",
        "repo": "flake-utils",
        "type": "github"
      }
    },
    "nixpkgs": {
      "locked": {
        "lastModified": 1596041494,
        "narHash": "sha256-ya3rCWKDbPWMVsh89/Z1mCJ9HFa5/DKdjcgcKkWB1xs=",
        "owner": "NixOS",
        "repo": "nixpkgs",
        "rev": "500d695aac9ea67195812f309890a911fbc96bda",
        "type": "github"
      },
      "original": {
        "id": "nixpkgs",
        "type": "indirect"
      }
    },
    "nixpkgs_2": {
      "locked": {
        "lastModified": 1598617282,
        "narHash": "sha256-YveJHe1PdsvyirT2txdWNzV2vgbhC8wmoyH4Unb5b2E=",
        "owner": "NixOS",
        "repo": "nixpkgs",
        "rev": "4eb9188da609619800e36c445dac5a21c6108395",
        "type": "github"
      },
      "original": {
        "id": "nixpkgs",
        "type": "indirect"
      }
    },
    "root": {
      "inputs": {
        "devshell": "devshell",
        "flake-utils": "flake-utils",
        "nixpkgs": "nixpkgs_2"
      }
    }
  },
  "root": "root",
  "version": 7
}
